
Microsoft Visual Studio Solution File, Format Version 12.00
# Visual Studio Version 17
VisualStudioVersion = 17.14.36203.30
MinimumVisualStudioVersion = 10.0.40219.1
Project("{2150E333-8FDC-42A3-9474-1A3956D46DE8}") = "src", "src", "{E5B1EC71-0FC4-4FAA-9C65-32D5016FBC45}"
EndProject
Project("{FAE04EC0-301F-11D3-BF4B-00C04F79EFBC}") = "xyz", "src\xyz\xyz.csproj", "{39308A39-3FA2-D068-250E-1B819CB4D3EB}"
EndProject
Project("{FAE04EC0-301F-11D3-BF4B-00C04F79EFBC}") = "xyz.test", "src\xyz.test\xyz.test.csproj", "{7AB5D0E7-1081-4822-BEA3-832C90912E09}"
EndProject
Global
	GlobalSection(SolutionConfigurationPlatforms) = preSolution
		Debug|Any CPU = Debug|Any CPU
		Release|Any CPU = Release|Any CPU
	EndGlobalSection
	GlobalSection(ProjectConfigurationPlatforms) = postSolution
		{39308A39-3FA2-D068-250E-1B819CB4D3EB}.Debug|Any CPU.ActiveCfg = Debug|Any CPU
		{39308A39-3FA2-D068-250E-1B819CB4D3EB}.Debug|Any CPU.Build.0 = Debug|Any CPU
		{39308A39-3FA2-D068-250E-1B819CB4D3EB}.Release|Any CPU.ActiveCfg = Release|Any CPU
		{39308A39-3FA2-D068-250E-1B819CB4D3EB}.Release|Any CPU.Build.0 = Release|Any CPU
		{7AB5D0E7-1081-4822-BEA3-832C90912E09}.Debug|Any CPU.ActiveCfg = Debug|Any CPU
		{7AB5D0E7-1081-4822-BEA3-832C90912E09}.Debug|Any CPU.Build.0 = Debug|Any CPU
		{7AB5D0E7-1081-4822-BEA3-832C90912E09}.Release|Any CPU.ActiveCfg = Release|Any CPU
		{7AB5D0E7-1081-4822-BEA3-832C90912E09}.Release|Any CPU.Build.0 = Release|Any CPU
	EndGlobalSection
	GlobalSection(SolutionProperties) = preSolution
		HideSolutionNode = FALSE
	EndGlobalSection
	GlobalSection(NestedProjects) = preSolution
		{39308A39-3FA2-D068-250E-1B819CB4D3EB} = {E5B1EC71-0FC4-4FAA-9C65-32D5016FBC45}
		{7AB5D0E7-1081-4822-BEA3-832C90912E09} = {E5B1EC71-0FC4-4FAA-9C65-32D5016FBC45}
	EndGlobalSection
	GlobalSection(ExtensibilityGlobals) = postSolution
		SolutionGuid = {23CBA504-F7DF-4B50-BFFF-A67E079B372E}
	EndGlobalSection
EndGlobal
